
Microsoft Visual Studio Solution File, Format Version 12.00
# Visual Studio 15
VisualStudioVersion = 15.0.33026.149
MinimumVisualStudioVersion = 10.0.40219.1
Project("{FAE04EC0-301F-11D3-BF4B-00C04F79EFBC}") = "PRACTICE_MP4_RGB_BINARY_C", "PRACTICE_MP4_RGB_BINARY_C\PRACTICE_MP4_RGB_BINARY_C.csproj", "{4DA1C98E-3B82-471B-9FEE-DAE1218DDC64}"
EndProject
Global
	GlobalSection(SolutionConfigurationPlatforms) = preSolution
		Debug|Any CPU = Debug|Any CPU
		Release|Any CPU = Release|Any CPU
	EndGlobalSection
	GlobalSection(ProjectConfigurationPlatforms) = postSolution
		{4DA1C98E-3B82-471B-9FEE-DAE1218DDC64}.Debug|Any CPU.ActiveCfg = Debug|Any CPU
		{4DA1C98E-3B82-471B-9FEE-DAE1218DDC64}.Debug|Any CPU.Build.0 = Debug|Any CPU
		{4DA1C98E-3B82-471B-9FEE-DAE1218DDC64}.Release|Any CPU.ActiveCfg = Release|Any CPU
		{4DA1C98E-3B82-471B-9FEE-DAE1218DDC64}.Release|Any CPU.Build.0 = Release|Any CPU
	EndGlobalSection
	GlobalSection(SolutionProperties) = preSolution
		HideSolutionNode = FALSE
	EndGlobalSection
	GlobalSection(ExtensibilityGlobals) = postSolution
		SolutionGuid = {7A7CF27B-7ACE-41CD-9C24-BE67A5B5F61C}
	EndGlobalSection
EndGlobal
